
Microsoft Visual Studio Solution File, Format Version 12.00
# Visual Studio 2012
Project("{262852C6-CD72-467D-83FE-5EEB1973A190}") = "FixedLayoutApp1", "FixedLayoutApp1\FixedLayoutApp1.jsproj", "{AFCB4D62-285E-44A8-B395-8E598FA0CEAA}"
EndProject
Global
	GlobalSection(SolutionConfigurationPlatforms) = preSolution
		Debug|ARM = Debug|ARM
		Debug|Any CPU = Debug|Any CPU
		Debug|x64 = Debug|x64
		Debug|x86 = Debug|x86
		Release|ARM = Release|ARM
		Release|Any CPU = Release|Any CPU
		Release|x64 = Release|x64
		Release|x86 = Release|x86
	EndGlobalSection
	GlobalSection(ProjectConfigurationPlatforms) = postSolution
		{AFCB4D62-285E-44A8-B395-8E598FA0CEAA}.Debug|ARM.ActiveCfg = Debug|ARM
		{AFCB4D62-285E-44A8-B395-8E598FA0CEAA}.Debug|ARM.Build.0 = Debug|ARM
		{AFCB4D62-285E-44A8-B395-8E598FA0CEAA}.Debug|ARM.Deploy.0 = Debug|ARM
		{AFCB4D62-285E-44A8-B395-8E598FA0CEAA}.Debug|Any CPU.ActiveCfg = Debug|Any CPU
		{AFCB4D62-285E-44A8-B395-8E598FA0CEAA}.Debug|Any CPU.Build.0 = Debug|Any CPU
		{AFCB4D62-285E-44A8-B395-8E598FA0CEAA}.Debug|Any CPU.Deploy.0 = Debug|Any CPU
		{AFCB4D62-285E-44A8-B395-8E598FA0CEAA}.Debug|x64.ActiveCfg = Debug|x64
		{AFCB4D62-285E-44A8-B395-8E598FA0CEAA}.Debug|x64.Build.0 = Debug|x64
		{AFCB4D62-285E-44A8-B395-8E598FA0CEAA}.Debug|x64.Deploy.0 = Debug|x64
		{AFCB4D62-285E-44A8-B395-8E598FA0CEAA}.Debug|x86.ActiveCfg = Debug|x86
		{AFCB4D62-285E-44A8-B395-8E598FA0CEAA}.Debug|x86.Build.0 = Debug|x86
		{AFCB4D62-285E-44A8-B395-8E598FA0CEAA}.Debug|x86.Deploy.0 = Debug|x86
		{AFCB4D62-285E-44A8-B395-8E598FA0CEAA}.Release|ARM.ActiveCfg = Release|ARM
		{AFCB4D62-285E-44A8-B395-8E598FA0CEAA}.Release|ARM.Build.0 = Release|ARM
		{AFCB4D62-285E-44A8-B395-8E598FA0CEAA}.Release|ARM.Deploy.0 = Release|ARM
		{AFCB4D62-285E-44A8-B395-8E598FA0CEAA}.Release|Any CPU.ActiveCfg = Release|Any CPU
		{AFCB4D62-285E-44A8-B395-8E598FA0CEAA}.Release|Any CPU.Build.0 = Release|Any CPU
		{AFCB4D62-285E-44A8-B395-8E598FA0CEAA}.Release|Any CPU.Deploy.0 = Release|Any CPU
		{AFCB4D62-285E-44A8-B395-8E598FA0CEAA}.Release|x64.ActiveCfg = Release|x64
		{AFCB4D62-285E-44A8-B395-8E598FA0CEAA}.Release|x64.Build.0 = Release|x64
		{AFCB4D62-285E-44A8-B395-8E598FA0CEAA}.Release|x64.Deploy.0 = Release|x64
		{AFCB4D62-285E-44A8-B395-8E598FA0CEAA}.Release|x86.ActiveCfg = Release|x86
		{AFCB4D62-285E-44A8-B395-8E598FA0CEAA}.Release|x86.Build.0 = Release|x86
		{AFCB4D62-285E-44A8-B395-8E598FA0CEAA}.Release|x86.Deploy.0 = Release|x86
	EndGlobalSection
	GlobalSection(SolutionProperties) = preSolution
		HideSolutionNode = FALSE
	EndGlobalSection
EndGlobal
